<?xml version="1.0" encoding="utf-8"?>
<Project ToolsVersion="4.0" xmlns="http://schemas.microsoft.com/developer/msbuild/2003">
  <ItemGroup>
    <ClCompile Include="assets.cpp" />
    <ClCompile Include="cyber-tile.cpp" />
  </ItemGroup>
  <ItemGroup>
    <ClInclude Include="assets.hpp" />
    <ClInclude Include="cyber-tile.hpp" />
  </ItemGroup>
  <ItemGroup>
    <None Include="assets.yml" />
  </ItemGroup>
  <ItemGroup>
    <Text Include="CMakeLists.txt" />
  </ItemGroup>
</Project>